
Microsoft Visual Studio Solution File, Format Version 12.00
# Visual Studio Version 17
VisualStudioVersion = 17.4.33213.308
MinimumVisualStudioVersion = 10.0.40219.1
Project("{FAE04EC0-301F-11D3-BF4B-00C04F79EFBC}") = "APIClientApp", "APIClientApp\APIClientApp.csproj", "{64A59B1D-2E80-43D7-9AF2-C292B3DDF4E2}"
EndProject
Global
	GlobalSection(SolutionConfigurationPlatforms) = preSolution
		Debug|Any CPU = Debug|Any CPU
		Release|Any CPU = Release|Any CPU
	EndGlobalSection
	GlobalSection(ProjectConfigurationPlatforms) = postSolution
		{64A59B1D-2E80-43D7-9AF2-C292B3DDF4E2}.Debug|Any CPU.ActiveCfg = Debug|Any CPU
		{64A59B1D-2E80-43D7-9AF2-C292B3DDF4E2}.Debug|Any CPU.Build.0 = Debug|Any CPU
		{64A59B1D-2E80-43D7-9AF2-C292B3DDF4E2}.Release|Any CPU.ActiveCfg = Release|Any CPU
		{64A59B1D-2E80-43D7-9AF2-C292B3DDF4E2}.Release|Any CPU.Build.0 = Release|Any CPU
	EndGlobalSection
	GlobalSection(SolutionProperties) = preSolution
		HideSolutionNode = FALSE
	EndGlobalSection
	GlobalSection(ExtensibilityGlobals) = postSolution
		SolutionGuid = {4DE26C28-E50B-40E0-BD0D-E9F3A92E3193}
	EndGlobalSection
EndGlobal
